{
    "gesdinet/jwt-refresh-token-bundle": {
        "version": "v0.12.0"
    },
    "lcobucci/clock": {
        "version": "2.0.0"
    },
    "lcobucci/jwt": {
        "version": "4.1.4"
    },
    "lexik/jwt-authentication-bundle": {
        "version": "2.5",
        "recipe": {
            "repo": "github.com/symfony/recipes",
            "branch": "master",
            "version": "2.5",
            "ref": "5b2157bcd5778166a5696e42f552ad36529a07a6"
        },
        "files": [
            "config/packages/lexik_jwt_authentication.yaml"
        ]
    },
    "namshi/jose": {
        "version": "7.2.3"
    },
    "nelmio/cors-bundle": {
        "version": "1.5",
        "recipe": {
            "repo": "github.com/symfony/recipes",
            "branch": "master",
            "version": "1.5",
            "ref": "6bea22e6c564fba3a1391615cada1437d0bde39c"
        },
        "files": [
            "config/packages/nelmio_cors.yaml"
        ]
    },
    "symfony/polyfill-php56": {
        "version": "v1.20.0"
    }
}
