{
    "lcobucci/clock": {
        "version": "2.0.0"
    },
    "lcobucci/jwt": {
        "version": "4.1.4"
    },
    "lexik/jwt-authentication-bundle": {
        "version": "2.5",
        "recipe": {
            "repo": "github.com/symfony/recipes",
            "branch": "master",
            "version": "2.5",
            "ref": "5b2157bcd5778166a5696e42f552ad36529a07a6"
        },
        "files": [
            "config/packages/lexik_jwt_authentication.yaml"
        ]
    },
    "namshi/jose": {
        "version": "7.2.3"
    },
    "nelmio/cors-bundle": {
        "version": "1.5",
        "recipe": {
            "repo": "github.com/symfony/recipes",
            "branch": "master",
            "version": "1.5",
            "ref": "6bea22e6c564fba3a1391615cada1437d0bde39c"
        },
        "files": [
            "config/packages/nelmio_cors.yaml"
        ]
    },
    "swiftmailer/swiftmailer": {
        "version": "v6.2.7"
    },
    "symfony/google-mailer": {
        "version": "4.4",
        "recipe": {
            "repo": "github.com/symfony/recipes",
            "branch": "master",
            "version": "4.4",
            "ref": "f8fd4ddb9b477510f8f4bce2b9c054ab428c0120"
        }
    },
    "symfony/polyfill-php56": {
        "version": "v1.20.0"
    },
    "symfony/swiftmailer-bundle": {
        "version": "2.5",
        "recipe": {
            "repo": "github.com/symfony/recipes",
            "branch": "master",
            "version": "2.5",
            "ref": "f0b2fccdca2dfd97dc2fd5ad216d5e27c4f895ac"
        },
        "files": [
            "config/packages/dev/swiftmailer.yaml",
            "config/packages/swiftmailer.yaml",
            "config/packages/test/swiftmailer.yaml"
        ]
    },
    "symfony/test-pack": {
        "version": "v1.0.9"
    },
    "symfonycasts/reset-password-bundle": {
        "version": "1.0",
        "recipe": {
            "repo": "github.com/symfony/recipes",
            "branch": "master",
            "version": "1.0",
            "ref": "97c1627c0384534997ae1047b93be517ca16de43"
        },
        "files": [
            "config/packages/reset_password.yaml"
        ]
    }
}
